# This file is automatically @generated by Cargo.
# It is not intended for manual editing.
version = 4

[[package]]
name = "zord-client"
version = "0.1.0"
dependencies = [
 "zord-shared",
]

[[package]]
name = "zord-server"
version = "0.1.0"
dependencies = [
 "zord-shared",
]

[[package]]
name = "zord-shared"
version = "0.1.0"
